
Microsoft Visual Studio Solution File, Format Version 12.00
# Visual Studio Version 16
VisualStudioVersion = 16.0.30114.105
MinimumVisualStudioVersion = 10.0.40219.1
Project("{2150E333-8FDC-42A3-9474-1A3956D46DE8}") = "src", "src", "{87F7CF7E-BD9B-4F80-8935-51D4CB30CF6D}"
EndProject
Project("{FAE04EC0-301F-11D3-BF4B-00C04F79EFBC}") = "HappyCustApi", "src\HappyCustApi\HappyCustApi.csproj", "{9E5875CA-F08F-47F5-91A7-9288589F7E14}"
EndProject
Project("{FAE04EC0-301F-11D3-BF4B-00C04F79EFBC}") = "IdentityServices", "src\IdentityServices\IdentityServices.csproj", "{0B332A1C-7A50-4BAF-8A45-DDB050D22A60}"
EndProject
Project("{FAE04EC0-301F-11D3-BF4B-00C04F79EFBC}") = "Common", "src\common\Common.csproj", "{947DC0A8-B17A-4623-81BC-179CCAD6A24C}"
EndProject
Project("{FAE04EC0-301F-11D3-BF4B-00C04F79EFBC}") = "ActivityServices", "src\ActivityServices\ActivityServices.csproj", "{627BC5F4-9F3F-4B6B-A3AD-F87CA544BEA1}"
EndProject
Global
	GlobalSection(SolutionConfigurationPlatforms) = preSolution
		Debug|Any CPU = Debug|Any CPU
		Release|Any CPU = Release|Any CPU
	EndGlobalSection
	GlobalSection(SolutionProperties) = preSolution
		HideSolutionNode = FALSE
	EndGlobalSection
	GlobalSection(ProjectConfigurationPlatforms) = postSolution
		{9E5875CA-F08F-47F5-91A7-9288589F7E14}.Debug|Any CPU.ActiveCfg = Debug|Any CPU
		{9E5875CA-F08F-47F5-91A7-9288589F7E14}.Debug|Any CPU.Build.0 = Debug|Any CPU
		{9E5875CA-F08F-47F5-91A7-9288589F7E14}.Release|Any CPU.ActiveCfg = Release|Any CPU
		{9E5875CA-F08F-47F5-91A7-9288589F7E14}.Release|Any CPU.Build.0 = Release|Any CPU
		{0B332A1C-7A50-4BAF-8A45-DDB050D22A60}.Debug|Any CPU.ActiveCfg = Debug|Any CPU
		{0B332A1C-7A50-4BAF-8A45-DDB050D22A60}.Debug|Any CPU.Build.0 = Debug|Any CPU
		{0B332A1C-7A50-4BAF-8A45-DDB050D22A60}.Release|Any CPU.ActiveCfg = Release|Any CPU
		{0B332A1C-7A50-4BAF-8A45-DDB050D22A60}.Release|Any CPU.Build.0 = Release|Any CPU
		{947DC0A8-B17A-4623-81BC-179CCAD6A24C}.Debug|Any CPU.ActiveCfg = Debug|Any CPU
		{947DC0A8-B17A-4623-81BC-179CCAD6A24C}.Debug|Any CPU.Build.0 = Debug|Any CPU
		{947DC0A8-B17A-4623-81BC-179CCAD6A24C}.Release|Any CPU.ActiveCfg = Release|Any CPU
		{947DC0A8-B17A-4623-81BC-179CCAD6A24C}.Release|Any CPU.Build.0 = Release|Any CPU
		{627BC5F4-9F3F-4B6B-A3AD-F87CA544BEA1}.Debug|Any CPU.ActiveCfg = Debug|Any CPU
		{627BC5F4-9F3F-4B6B-A3AD-F87CA544BEA1}.Debug|Any CPU.Build.0 = Debug|Any CPU
		{627BC5F4-9F3F-4B6B-A3AD-F87CA544BEA1}.Release|Any CPU.ActiveCfg = Release|Any CPU
		{627BC5F4-9F3F-4B6B-A3AD-F87CA544BEA1}.Release|Any CPU.Build.0 = Release|Any CPU
	EndGlobalSection
	GlobalSection(NestedProjects) = preSolution
		{9E5875CA-F08F-47F5-91A7-9288589F7E14} = {87F7CF7E-BD9B-4F80-8935-51D4CB30CF6D}
		{0B332A1C-7A50-4BAF-8A45-DDB050D22A60} = {87F7CF7E-BD9B-4F80-8935-51D4CB30CF6D}
		{947DC0A8-B17A-4623-81BC-179CCAD6A24C} = {87F7CF7E-BD9B-4F80-8935-51D4CB30CF6D}
		{627BC5F4-9F3F-4B6B-A3AD-F87CA544BEA1} = {87F7CF7E-BD9B-4F80-8935-51D4CB30CF6D}
	EndGlobalSection
EndGlobal
